
Microsoft Visual Studio Solution File, Format Version 12.00
# Visual Studio Version 16
VisualStudioVersion = 16.0.31129.286
MinimumVisualStudioVersion = 10.0.40219.1
Project("{FAE04EC0-301F-11D3-BF4B-00C04F79EFBC}") = "TextInImage", "TextInImage\TextInImage.csproj", "{47698C6A-1EB2-449B-ABE6-B0450846FB39}"
EndProject
Global
	GlobalSection(SolutionConfigurationPlatforms) = preSolution
		Debug|Any CPU = Debug|Any CPU
		Release|Any CPU = Release|Any CPU
	EndGlobalSection
	GlobalSection(ProjectConfigurationPlatforms) = postSolution
		{47698C6A-1EB2-449B-ABE6-B0450846FB39}.Debug|Any CPU.ActiveCfg = Debug|Any CPU
		{47698C6A-1EB2-449B-ABE6-B0450846FB39}.Debug|Any CPU.Build.0 = Debug|Any CPU
		{47698C6A-1EB2-449B-ABE6-B0450846FB39}.Release|Any CPU.ActiveCfg = Release|Any CPU
		{47698C6A-1EB2-449B-ABE6-B0450846FB39}.Release|Any CPU.Build.0 = Release|Any CPU
	EndGlobalSection
	GlobalSection(SolutionProperties) = preSolution
		HideSolutionNode = FALSE
	EndGlobalSection
	GlobalSection(ExtensibilityGlobals) = postSolution
		SolutionGuid = {C8E63866-8BE2-468E-8E46-F08D8CA05F91}
	EndGlobalSection
EndGlobal
